
Microsoft Visual Studio Solution File, Format Version 12.00
# Visual Studio Version 17
VisualStudioVersion = 17.10.34916.146
MinimumVisualStudioVersion = 10.0.40219.1
Project("{FAE04EC0-301F-11D3-BF4B-00C04F79EFBC}") = "MooovieNightTelegramBot", "MooovieNightTelegramBot\MooovieNightTelegramBot.csproj", "{EBC9FE06-FF47-4852-8A19-67A2FECAC675}"
EndProject
Global
	GlobalSection(SolutionConfigurationPlatforms) = preSolution
		Debug|Any CPU = Debug|Any CPU
		Release|Any CPU = Release|Any CPU
	EndGlobalSection
	GlobalSection(ProjectConfigurationPlatforms) = postSolution
		{EBC9FE06-FF47-4852-8A19-67A2FECAC675}.Debug|Any CPU.ActiveCfg = Debug|Any CPU
		{EBC9FE06-FF47-4852-8A19-67A2FECAC675}.Debug|Any CPU.Build.0 = Debug|Any CPU
		{EBC9FE06-FF47-4852-8A19-67A2FECAC675}.Release|Any CPU.ActiveCfg = Release|Any CPU
		{EBC9FE06-FF47-4852-8A19-67A2FECAC675}.Release|Any CPU.Build.0 = Release|Any CPU
	EndGlobalSection
	GlobalSection(SolutionProperties) = preSolution
		HideSolutionNode = FALSE
	EndGlobalSection
	GlobalSection(ExtensibilityGlobals) = postSolution
		SolutionGuid = {FB55A38E-2777-45A1-97BB-8DEE9B55CF7C}
	EndGlobalSection
EndGlobal
